
Microsoft Visual Studio Solution File, Format Version 12.00
# Visual Studio Version 16
VisualStudioVersion = 16.0.30011.22
MinimumVisualStudioVersion = 10.0.40219.1
Project("{9A19103F-16F7-4668-BE54-9A1E7A4F7556}") = "NyelvtechBead.Console", "NyelvtechBead.Console\NyelvtechBead.Console.csproj", "{05BB9183-4A86-4311-B74B-0CE3229C81E5}"
EndProject
Project("{9A19103F-16F7-4668-BE54-9A1E7A4F7556}") = "NyelvtechBeadandoML.Model", "NyelvtechBeadandoML.Model\NyelvtechBeadandoML.Model.csproj", "{CD7D11A3-45C1-4FEB-B233-3AB40E417CDF}"
EndProject
Project("{9A19103F-16F7-4668-BE54-9A1E7A4F7556}") = "NyelvtechBeadandoML.ConsoleApp", "NyelvtechBeadandoML.ConsoleApp\NyelvtechBeadandoML.ConsoleApp.csproj", "{B928268D-5692-4B92-B6EB-B23494A6AB55}"
EndProject
Global
	GlobalSection(SolutionConfigurationPlatforms) = preSolution
		Debug|Any CPU = Debug|Any CPU
		Release|Any CPU = Release|Any CPU
	EndGlobalSection
	GlobalSection(ProjectConfigurationPlatforms) = postSolution
		{05BB9183-4A86-4311-B74B-0CE3229C81E5}.Debug|Any CPU.ActiveCfg = Debug|Any CPU
		{05BB9183-4A86-4311-B74B-0CE3229C81E5}.Debug|Any CPU.Build.0 = Debug|Any CPU
		{05BB9183-4A86-4311-B74B-0CE3229C81E5}.Release|Any CPU.ActiveCfg = Release|Any CPU
		{05BB9183-4A86-4311-B74B-0CE3229C81E5}.Release|Any CPU.Build.0 = Release|Any CPU
		{CD7D11A3-45C1-4FEB-B233-3AB40E417CDF}.Debug|Any CPU.ActiveCfg = Debug|Any CPU
		{CD7D11A3-45C1-4FEB-B233-3AB40E417CDF}.Debug|Any CPU.Build.0 = Debug|Any CPU
		{CD7D11A3-45C1-4FEB-B233-3AB40E417CDF}.Release|Any CPU.ActiveCfg = Release|Any CPU
		{CD7D11A3-45C1-4FEB-B233-3AB40E417CDF}.Release|Any CPU.Build.0 = Release|Any CPU
		{B928268D-5692-4B92-B6EB-B23494A6AB55}.Debug|Any CPU.ActiveCfg = Debug|Any CPU
		{B928268D-5692-4B92-B6EB-B23494A6AB55}.Debug|Any CPU.Build.0 = Debug|Any CPU
		{B928268D-5692-4B92-B6EB-B23494A6AB55}.Release|Any CPU.ActiveCfg = Release|Any CPU
		{B928268D-5692-4B92-B6EB-B23494A6AB55}.Release|Any CPU.Build.0 = Release|Any CPU
	EndGlobalSection
	GlobalSection(SolutionProperties) = preSolution
		HideSolutionNode = FALSE
	EndGlobalSection
	GlobalSection(ExtensibilityGlobals) = postSolution
		SolutionGuid = {753398E0-DB66-492E-89F8-4B78FDED2EC9}
	EndGlobalSection
EndGlobal
